// !$*UTF8*$!
{
	archiveVersion = 1;
	classes = {
	};
	objectVersion = 46;
	objects = {

/* Begin PBXBuildFile section */
		3D12BE0A1DD11E62001AC7CE /* Weather.swift in Sources */ = {isa = PBXBuildFile; fileRef = 3D12BE091DD11E62001AC7CE /* Weather.swift */; };
		3D2936841DCE7CF800364E92 /* AppDelegate.swift in Sources */ = {isa = PBXBuildFile; fileRef = 3D2936831DCE7CF800364E92 /* AppDelegate.swift */; };
		3D2936861DCE7CF800364E92 /* ViewController.swift in Sources */ = {isa = PBXBuildFile; fileRef = 3D2936851DCE7CF800364E92 /* ViewController.swift */; };
		3D2936891DCE7CF800364E92 /* Main.storyboard in Resources */ = {isa = PBXBuildFile; fileRef = 3D2936871DCE7CF800364E92 /* Main.storyboard */; };
		3D29368C1DCE7CF800364E92 /* WeatherApp.xcdatamodeld in Sources */ = {isa = PBXBuildFile; fileRef = 3D29368A1DCE7CF800364E92 /* WeatherApp.xcdatamodeld */; };
		3D29368E1DCE7CF800364E92 /* Assets.xcassets in Resources */ = {isa = PBXBuildFile; fileRef = 3D29368D1DCE7CF800364E92 /* Assets.xcassets */; };
		3D2936911DCE7CF800364E92 /* LaunchScreen.storyboard in Resources */ = {isa = PBXBuildFile; fileRef = 3D29368F1DCE7CF800364E92 /* LaunchScreen.storyboard */; };
		3D29369C1DCE7CF800364E92 /* WeatherAppTests.swift in Sources */ = {isa = PBXBuildFile; fileRef = 3D29369B1DCE7CF800364E92 /* WeatherAppTests.swift */; };
		3D2936A71DCE7CF900364E92 /* WeatherAppUITests.swift in Sources */ = {isa = PBXBuildFile; fileRef = 3D2936A61DCE7CF900364E92 /* WeatherAppUITests.swift */; };
		3D2936B51DCE8DC300364E92 /* WeatherService.swift in Sources */ = {isa = PBXBuildFile; fileRef = 3D2936B41DCE8DC300364E92 /* WeatherService.swift */; };
		3DC498781DCFD26D009A6968 /* SwiftyJSON.swift in Sources */ = {isa = PBXBuildFile; fileRef = 3DC498771DCFD26D009A6968 /* SwiftyJSON.swift */; };
/* End PBXBuildFile section */

/* Begin PBXContainerItemProxy section */
		3D2936981DCE7CF800364E92 /* PBXContainerItemProxy */ = {
			isa = PBXContainerItemProxy;
			containerPortal = 3D2936781DCE7CF800364E92 /* Project object */;
			proxyType = 1;
			remoteGlobalIDString = 3D29367F1DCE7CF800364E92;
			remoteInfo = WeatherApp;
		};
		3D2936A31DCE7CF900364E92 /* PBXContainerItemProxy */ = {
			isa = PBXContainerItemProxy;
			containerPortal = 3D2936781DCE7CF800364E92 /* Project object */;
			proxyType = 1;
			remoteGlobalIDString = 3D29367F1DCE7CF800364E92;
			remoteInfo = WeatherApp;
		};
/* End PBXContainerItemProxy section */

/* Begin PBXFileReference section */
		3D12BE091DD11E62001AC7CE /* Weather.swift */ = {isa = PBXFileReference; fileEncoding = 4; lastKnownFileType = sourcecode.swift; path = Weather.swift; sourceTree = "<group>"; };
		3D2936801DCE7CF800364E92 /* WeatherApp.app */ = {isa = PBXFileReference; explicitFileType = wrapper.application; includeInIndex = 0; path = WeatherApp.app; sourceTree = BUILT_PRODUCTS_DIR; };
		3D2936831DCE7CF800364E92 /* AppDelegate.swift */ = {isa = PBXFileReference; lastKnownFileType = sourcecode.swift; path = AppDelegate.swift; sourceTree = "<group>"; };
		3D2936851DCE7CF800364E92 /* ViewController.swift */ = {isa = PBXFileReference; lastKnownFileType = sourcecode.swift; path = ViewController.swift; sourceTree = "<group>"; };
		3D2936881DCE7CF800364E92 /* Base */ = {isa = PBXFileReference; lastKnownFileType = file.storyboard; name = Base; path = Base.lproj/Main.storyboard; sourceTree = "<group>"; };
		3D29368B1DCE7CF800364E92 /* WeatherApp.xcdatamodel */ = {isa = PBXFileReference; lastKnownFileType = wrapper.xcdatamodel; path = WeatherApp.xcdatamodel; sourceTree = "<group>"; };
		3D29368D1DCE7CF800364E92 /* Assets.xcassets */ = {isa = PBXFileReference; lastKnownFileType = folder.assetcatalog; path = Assets.xcassets; sourceTree = "<group>"; };
		3D2936901DCE7CF800364E92 /* Base */ = {isa = PBXFileReference; lastKnownFileType = file.storyboard; name = Base; path = Base.lproj/LaunchScreen.storyboard; sourceTree = "<group>"; };
		3D2936921DCE7CF800364E92 /* Info.plist */ = {isa = PBXFileReference; lastKnownFileType = text.plist.xml; path = Info.plist; sourceTree = "<group>"; };
		3D2936971DCE7CF800364E92 /* WeatherAppTests.xctest */ = {isa = PBXFileReference; explicitFileType = wrapper.cfbundle; includeInIndex = 0; path = WeatherAppTests.xctest; sourceTree = BUILT_PRODUCTS_DIR; };
		3D29369B1DCE7CF800364E92 /* WeatherAppTests.swift */ = {isa = PBXFileReference; lastKnownFileType = sourcecode.swift; path = WeatherAppTests.swift; sourceTree = "<group>"; };
		3D29369D1DCE7CF800364E92 /* Info.plist */ = {isa = PBXFileReference; lastKnownFileType = text.plist.xml; path = Info.plist; sourceTree = "<group>"; };
		3D2936A21DCE7CF900364E92 /* WeatherAppUITests.xctest */ = {isa = PBXFileReference; explicitFileType = wrapper.cfbundle; includeInIndex = 0; path = WeatherAppUITests.xctest; sourceTree = BUILT_PRODUCTS_DIR; };
		3D2936A61DCE7CF900364E92 /* WeatherAppUITests.swift */ = {isa = PBXFileReference; lastKnownFileType = sourcecode.swift; path = WeatherAppUITests.swift; sourceTree = "<group>"; };
		3D2936A81DCE7CF900364E92 /* Info.plist */ = {isa = PBXFileReference; lastKnownFileType = text.plist.xml; path = Info.plist; sourceTree = "<group>"; };
		3D2936B41DCE8DC300364E92 /* WeatherService.swift */ = {isa = PBXFileReference; fileEncoding = 4; lastKnownFileType = sourcecode.swift; path = WeatherService.swift; sourceTree = "<group>"; };
		3DC498771DCFD26D009A6968 /* SwiftyJSON.swift */ = {isa = PBXFileReference; fileEncoding = 4; lastKnownFileType = sourcecode.swift; path = SwiftyJSON.swift; sourceTree = "<group>"; };
/* End PBXFileReference section */

/* Begin PBXFrameworksBuildPhase section */
		3D29367D1DCE7CF800364E92 /* Frameworks */ = {
			isa = PBXFrameworksBuildPhase;
			buildActionMask = 2147483647;
			files = (
			);
			runOnlyForDeploymentPostprocessing = 0;
		};
		3D2936941DCE7CF800364E92 /* Frameworks */ = {
			isa = PBXFrameworksBuildPhase;
			buildActionMask = 2147483647;
			files = (
			);
			runOnlyForDeploymentPostprocessing = 0;
		};
		3D29369F1DCE7CF900364E92 /* Frameworks */ = {
			isa = PBXFrameworksBuildPhase;
			buildActionMask = 2147483647;
			files = (
			);
			runOnlyForDeploymentPostprocessing = 0;
		};
/* End PBXFrameworksBuildPhase section */

/* Begin PBXGroup section */
		3D2936771DCE7CF800364E92 = {
			isa = PBXGroup;
			children = (
				3D2936821DCE7CF800364E92 /* WeatherApp */,
				3D29369A1DCE7CF800364E92 /* WeatherAppTests */,
				3D2936A51DCE7CF900364E92 /* WeatherAppUITests */,
				3D2936811DCE7CF800364E92 /* Products */,
			);
			sourceTree = "<group>";
		};
		3D2936811DCE7CF800364E92 /* Products */ = {
			isa = PBXGroup;
			children = (
				3D2936801DCE7CF800364E92 /* WeatherApp.app */,
				3D2936971DCE7CF800364E92 /* WeatherAppTests.xctest */,
				3D2936A21DCE7CF900364E92 /* WeatherAppUITests.xctest */,
			);
			name = Products;
			sourceTree = "<group>";
		};
		3D2936821DCE7CF800364E92 /* WeatherApp */ = {
			isa = PBXGroup;
			children = (
				3D2936831DCE7CF800364E92 /* AppDelegate.swift */,
				3D2936851DCE7CF800364E92 /* ViewController.swift */,
				3D12BE091DD11E62001AC7CE /* Weather.swift */,
				3D2936B41DCE8DC300364E92 /* WeatherService.swift */,
				3DC498771DCFD26D009A6968 /* SwiftyJSON.swift */,
				3D2936871DCE7CF800364E92 /* Main.storyboard */,
				3D29368D1DCE7CF800364E92 /* Assets.xcassets */,
				3D29368F1DCE7CF800364E92 /* LaunchScreen.storyboard */,
				3D2936921DCE7CF800364E92 /* Info.plist */,
				3D29368A1DCE7CF800364E92 /* WeatherApp.xcdatamodeld */,
			);
			path = WeatherApp;
			sourceTree = "<group>";
		};
		3D29369A1DCE7CF800364E92 /* WeatherAppTests */ = {
			isa = PBXGroup;
			children = (
				3D29369B1DCE7CF800364E92 /* WeatherAppTests.swift */,
				3D29369D1DCE7CF800364E92 /* Info.plist */,
			);
			path = WeatherAppTests;
			sourceTree = "<group>";
		};
		3D2936A51DCE7CF900364E92 /* WeatherAppUITests */ = {
			isa = PBXGroup;
			children = (
				3D2936A61DCE7CF900364E92 /* WeatherAppUITests.swift */,
				3D2936A81DCE7CF900364E92 /* Info.plist */,
			);
			path = WeatherAppUITests;
			sourceTree = "<group>";
		};
/* End PBXGroup section */

/* Begin PBXNativeTarget section */
		3D29367F1DCE7CF800364E92 /* WeatherApp */ = {
			isa = PBXNativeTarget;
			buildConfigurationList = 3D2936AB1DCE7CF900364E92 /* Build configuration list for PBXNativeTarget "WeatherApp" */;
			buildPhases = (
				3D29367C1DCE7CF800364E92 /* Sources */,
				3D29367D1DCE7CF800364E92 /* Frameworks */,
				3D29367E1DCE7CF800364E92 /* Resources */,
			);
			buildRules = (
			);
			dependencies = (
			);
			name = WeatherApp;
			productName = WeatherApp;
			productReference = 3D2936801DCE7CF800364E92 /* WeatherApp.app */;
			productType = "com.apple.product-type.application";
		};
		3D2936961DCE7CF800364E92 /* WeatherAppTests */ = {
			isa = PBXNativeTarget;
			buildConfigurationList = 3D2936AE1DCE7CF900364E92 /* Build configuration list for PBXNativeTarget "WeatherAppTests" */;
			buildPhases = (
				3D2936931DCE7CF800364E92 /* Sources */,
				3D2936941DCE7CF800364E92 /* Frameworks */,
				3D2936951DCE7CF800364E92 /* Resources */,
			);
			buildRules = (
			);
			dependencies = (
				3D2936991DCE7CF800364E92 /* PBXTargetDependency */,
			);
			name = WeatherAppTests;
			productName = WeatherAppTests;
			productReference = 3D2936971DCE7CF800364E92 /* WeatherAppTests.xctest */;
			productType = "com.apple.product-type.bundle.unit-test";
		};
		3D2936A11DCE7CF900364E92 /* WeatherAppUITests */ = {
			isa = PBXNativeTarget;
			buildConfigurationList = 3D2936B11DCE7CF900364E92 /* Build configuration list for PBXNativeTarget "WeatherAppUITests" */;
			buildPhases = (
				3D29369E1DCE7CF900364E92 /* Sources */,
				3D29369F1DCE7CF900364E92 /* Frameworks */,
				3D2936A01DCE7CF900364E92 /* Resources */,
			);
			buildRules = (
			);
			dependencies = (
				3D2936A41DCE7CF900364E92 /* PBXTargetDependency */,
			);
			name = WeatherAppUITests;
			productName = WeatherAppUITests;
			productReference = 3D2936A21DCE7CF900364E92 /* WeatherAppUITests.xctest */;
			productType = "com.apple.product-type.bundle.ui-testing";
		};
/* End PBXNativeTarget section */

/* Begin PBXProject section */
		3D2936781DCE7CF800364E92 /* Project object */ = {
			isa = PBXProject;
			attributes = {
				LastSwiftUpdateCheck = 0810;
				LastUpgradeCheck = 0810;
				ORGANIZATIONNAME = "Ömer Koçbil";
				TargetAttributes = {
					3D29367F1DCE7CF800364E92 = {
						CreatedOnToolsVersion = 8.1;
						DevelopmentTeam = 6G8JJUYJ6G;
						ProvisioningStyle = Automatic;
					};
					3D2936961DCE7CF800364E92 = {
						CreatedOnToolsVersion = 8.1;
						DevelopmentTeam = 6G8JJUYJ6G;
						ProvisioningStyle = Automatic;
						TestTargetID = 3D29367F1DCE7CF800364E92;
					};
					3D2936A11DCE7CF900364E92 = {
						CreatedOnToolsVersion = 8.1;
						DevelopmentTeam = 6G8JJUYJ6G;
						ProvisioningStyle = Automatic;
						TestTargetID = 3D29367F1DCE7CF800364E92;
					};
				};
			};
			buildConfigurationList = 3D29367B1DCE7CF800364E92 /* Build configuration list for PBXProject "WeatherApp" */;
			compatibilityVersion = "Xcode 3.2";
			developmentRegion = English;
			hasScannedForEncodings = 0;
			knownRegions = (
				en,
				Base,
			);
			mainGroup = 3D2936771DCE7CF800364E92;
			productRefGroup = 3D2936811DCE7CF800364E92 /* Products */;
			projectDirPath = "";
			projectRoot = "";
			targets = (
				3D29367F1DCE7CF800364E92 /* WeatherApp */,
				3D2936961DCE7CF800364E92 /* WeatherAppTests */,
				3D2936A11DCE7CF900364E92 /* WeatherAppUITests */,
			);
		};
/* End PBXProject section */

/* Begin PBXResourcesBuildPhase section */
		3D29367E1DCE7CF800364E92 /* Resources */ = {
			isa = PBXResourcesBuildPhase;
			buildActionMask = 2147483647;
			files = (
				3D2936911DCE7CF800364E92 /* LaunchScreen.storyboard in Resources */,
				3D29368E1DCE7CF800364E92 /* Assets.xcassets in Resources */,
				3D2936891DCE7CF800364E92 /* Main.storyboard in Resources */,
			);
			runOnlyForDeploymentPostprocessing = 0;
		};
		3D2936951DCE7CF800364E92 /* Resources */ = {
			isa = PBXResourcesBuildPhase;
			buildActionMask = 2147483647;
			files = (
			);
			runOnlyForDeploymentPostprocessing = 0;
		};
		3D2936A01DCE7CF900364E92 /* Resources */ = {
			isa = PBXResourcesBuildPhase;
			buildActionMask = 2147483647;
			files = (
			);
			runOnlyForDeploymentPostprocessing = 0;
		};
/* End PBXResourcesBuildPhase section */

/* Begin PBXSourcesBuildPhase section */
		3D29367C1DCE7CF800364E92 /* Sources */ = {
			isa = PBXSourcesBuildPhase;
			buildActionMask = 2147483647;
			files = (
				3D2936B51DCE8DC300364E92 /* WeatherService.swift in Sources */,
				3D29368C1DCE7CF800364E92 /* WeatherApp.xcdatamodeld in Sources */,
				3D2936861DCE7CF800364E92 /* ViewController.swift in Sources */,
				3DC498781DCFD26D009A6968 /* SwiftyJSON.swift in Sources */,
				3D12BE0A1DD11E62001AC7CE /* Weather.swift in Sources */,
				3D2936841DCE7CF800364E92 /* AppDelegate.swift in Sources */,
			);
			runOnlyForDeploymentPostprocessing = 0;
		};
		3D2936931DCE7CF800364E92 /* Sources */ = {
			isa = PBXSourcesBuildPhase;
			buildActionMask = 2147483647;
			files = (
				3D29369C1DCE7CF800364E92 /* WeatherAppTests.swift in Sources */,
			);
			runOnlyForDeploymentPostprocessing = 0;
		};
		3D29369E1DCE7CF900364E92 /* Sources */ = {
			isa = PBXSourcesBuildPhase;
			buildActionMask = 2147483647;
			files = (
				3D2936A71DCE7CF900364E92 /* WeatherAppUITests.swift in Sources */,
			);
			runOnlyForDeploymentPostprocessing = 0;
		};
/* End PBXSourcesBuildPhase section */

/* Begin PBXTargetDependency section */
		3D2936991DCE7CF800364E92 /* PBXTargetDependency */ = {
			isa = PBXTargetDependency;
			target = 3D29367F1DCE7CF800364E92 /* WeatherApp */;
			targetProxy = 3D2936981DCE7CF800364E92 /* PBXContainerItemProxy */;
		};
		3D2936A41DCE7CF900364E92 /* PBXTargetDependency */ = {
			isa = PBXTargetDependency;
			target = 3D29367F1DCE7CF800364E92 /* WeatherApp */;
			targetProxy = 3D2936A31DCE7CF900364E92 /* PBXContainerItemProxy */;
		};
/* End PBXTargetDependency section */

/* Begin PBXVariantGroup section */
		3D2936871DCE7CF800364E92 /* Main.storyboard */ = {
			isa = PBXVariantGroup;
			children = (
				3D2936881DCE7CF800364E92 /* Base */,
			);
			name = Main.storyboard;
			sourceTree = "<group>";
		};
		3D29368F1DCE7CF800364E92 /* LaunchScreen.storyboard */ = {
			isa = PBXVariantGroup;
			children = (
				3D2936901DCE7CF800364E92 /* Base */,
			);
			name = LaunchScreen.storyboard;
			sourceTree = "<group>";
		};
/* End PBXVariantGroup section */

/* Begin XCBuildConfiguration section */
		3D2936A91DCE7CF900364E92 /* Debug */ = {
			isa = XCBuildConfiguration;
			buildSettings = {
				ALWAYS_SEARCH_USER_PATHS = NO;
				CLANG_ANALYZER_NONNULL = YES;
				CLANG_CXX_LANGUAGE_STANDARD = "gnu++0x";
				CLANG_CXX_LIBRARY = "libc++";
				CLANG_ENABLE_MODULES = YES;
				CLANG_ENABLE_OBJC_ARC = YES;
				CLANG_WARN_BOOL_CONVERSION = YES;
				CLANG_WARN_CONSTANT_CONVERSION = YES;
				CLANG_WARN_DIRECT_OBJC_ISA_USAGE = YES_ERROR;
				CLANG_WARN_DOCUMENTATION_COMMENTS = YES;
				CLANG_WARN_EMPTY_BODY = YES;
				CLANG_WARN_ENUM_CONVERSION = YES;
				CLANG_WARN_INFINITE_RECURSION = YES;
				CLANG_WARN_INT_CONVERSION = YES;
				CLANG_WARN_OBJC_ROOT_CLASS = YES_ERROR;
				CLANG_WARN_SUSPICIOUS_MOVES = YES;
				CLANG_WARN_UNREACHABLE_CODE = YES;
				CLANG_WARN__DUPLICATE_METHOD_MATCH = YES;
				"CODE_SIGN_IDENTITY[sdk=iphoneos*]" = "iPhone Developer";
				COPY_PHASE_STRIP = NO;
				DEBUG_INFORMATION_FORMAT = dwarf;
				ENABLE_STRICT_OBJC_MSGSEND = YES;
				ENABLE_TESTABILITY = YES;
				GCC_C_LANGUAGE_STANDARD = gnu99;
				GCC_DYNAMIC_NO_PIC = NO;
				GCC_NO_COMMON_BLOCKS = YES;
				GCC_OPTIMIZATION_LEVEL = 0;
				GCC_PREPROCESSOR_DEFINITIONS = (
					"DEBUG=1",
					"$(inherited)",
				);
				GCC_WARN_64_TO_32_BIT_CONVERSION = YES;
				GCC_WARN_ABOUT_RETURN_TYPE = YES_ERROR;
				GCC_WARN_UNDECLARED_SELECTOR = YES;
				GCC_WARN_UNINITIALIZED_AUTOS = YES_AGGRESSIVE;
				GCC_WARN_UNUSED_FUNCTION = YES;
				GCC_WARN_UNUSED_VARIABLE = YES;
				IPHONEOS_DEPLOYMENT_TARGET = 10.1;
				MTL_ENABLE_DEBUG_INFO = YES;
				ONLY_ACTIVE_ARCH = YES;
				SDKROOT = iphoneos;
				SWIFT_ACTIVE_COMPILATION_CONDITIONS = DEBUG;
				SWIFT_OPTIMIZATION_LEVEL = "-Onone";
			};
			name = Debug;
		};
		3D2936AA1DCE7CF900364E92 /* Release */ = {
			isa = XCBuildConfiguration;
			buildSettings = {
				ALWAYS_SEARCH_USER_PATHS = NO;
				CLANG_ANALYZER_NONNULL = YES;
				CLANG_CXX_LANGUAGE_STANDARD = "gnu++0x";
				CLANG_CXX_LIBRARY = "libc++";
				CLANG_ENABLE_MODULES = YES;
				CLANG_ENABLE_OBJC_ARC = YES;
				CLANG_WARN_BOOL_CONVERSION = YES;
				CLANG_WARN_CONSTANT_CONVERSION = YES;
				CLANG_WARN_DIRECT_OBJC_ISA_USAGE = YES_ERROR;
				CLANG_WARN_DOCUMENTATION_COMMENTS = YES;
				CLANG_WARN_EMPTY_BODY = YES;
				CLANG_WARN_ENUM_CONVERSION = YES;
				CLANG_WARN_INFINITE_RECURSION = YES;
				CLANG_WARN_INT_CONVERSION = YES;
				CLANG_WARN_OBJC_ROOT_CLASS = YES_ERROR;
				CLANG_WARN_SUSPICIOUS_MOVES = YES;
				CLANG_WARN_UNREACHABLE_CODE = YES;
				CLANG_WARN__DUPLICATE_METHOD_MATCH = YES;
				"CODE_SIGN_IDENTITY[sdk=iphoneos*]" = "iPhone Developer";
				COPY_PHASE_STRIP = NO;
				DEBUG_INFORMATION_FORMAT = "dwarf-with-dsym";
				ENABLE_NS_ASSERTIONS = NO;
				ENABLE_STRICT_OBJC_MSGSEND = YES;
				GCC_C_LANGUAGE_STANDARD = gnu99;
				GCC_NO_COMMON_BLOCKS = YES;
				GCC_WARN_64_TO_32_BIT_CONVERSION = YES;
				GCC_WARN_ABOUT_RETURN_TYPE = YES_ERROR;
				GCC_WARN_UNDECLARED_SELECTOR = YES;
				GCC_WARN_UNINITIALIZED_AUTOS = YES_AGGRESSIVE;
				GCC_WARN_UNUSED_FUNCTION = YES;
				GCC_WARN_UNUSED_VARIABLE = YES;
				IPHONEOS_DEPLOYMENT_TARGET = 10.1;
				MTL_ENABLE_DEBUG_INFO = NO;
				SDKROOT = iphoneos;
				SWIFT_OPTIMIZATION_LEVEL = "-Owholemodule";
				VALIDATE_PRODUCT = YES;
			};
			name = Release;
		};
		3D2936AC1DCE7CF900364E92 /* Debug */ = {
			isa = XCBuildConfiguration;
			buildSettings = {
				ASSETCATALOG_COMPILER_APPICON_NAME = AppIcon;
				DEVELOPMENT_TEAM = 6G8JJUYJ6G;
				INFOPLIST_FILE = WeatherApp/Info.plist;
				LD_RUNPATH_SEARCH_PATHS = "$(inherited) @executable_path/Frameworks";
				NEW_SETTING = "";
				PRODUCT_BUNDLE_IDENTIFIER = com.omerkocbil.WeatherApp;
				PRODUCT_NAME = "$(TARGET_NAME)";
				SWIFT_VERSION = 3.0;
			};
			name = Debug;
		};
		3D2936AD1DCE7CF900364E92 /* Release */ = {
			isa = XCBuildConfiguration;
			buildSettings = {
				ASSETCATALOG_COMPILER_APPICON_NAME = AppIcon;
				DEVELOPMENT_TEAM = 6G8JJUYJ6G;
				INFOPLIST_FILE = WeatherApp/Info.plist;
				LD_RUNPATH_SEARCH_PATHS = "$(inherited) @executable_path/Frameworks";
				NEW_SETTING = "";
				PRODUCT_BUNDLE_IDENTIFIER = com.omerkocbil.WeatherApp;
				PRODUCT_NAME = "$(TARGET_NAME)";
				SWIFT_VERSION = 3.0;
			};
			name = Release;
		};
		3D2936AF1DCE7CF900364E92 /* Debug */ = {
			isa = XCBuildConfiguration;
			buildSettings = {
				ALWAYS_EMBED_SWIFT_STANDARD_LIBRARIES = YES;
				BUNDLE_LOADER = "$(TEST_HOST)";
				DEVELOPMENT_TEAM = 6G8JJUYJ6G;
				INFOPLIST_FILE = WeatherAppTests/Info.plist;
				LD_RUNPATH_SEARCH_PATHS = "$(inherited) @executable_path/Frameworks @loader_path/Frameworks";
				PRODUCT_BUNDLE_IDENTIFIER = com.omerkocbil.WeatherAppTests;
				PRODUCT_NAME = "$(TARGET_NAME)";
				SWIFT_VERSION = 3.0;
				TEST_HOST = "$(BUILT_PRODUCTS_DIR)/WeatherApp.app/WeatherApp";
			};
			name = Debug;
		};
		3D2936B01DCE7CF900364E92 /* Release */ = {
			isa = XCBuildConfiguration;
			buildSettings = {
				ALWAYS_EMBED_SWIFT_STANDARD_LIBRARIES = YES;
				BUNDLE_LOADER = "$(TEST_HOST)";
				DEVELOPMENT_TEAM = 6G8JJUYJ6G;
				INFOPLIST_FILE = WeatherAppTests/Info.plist;
				LD_RUNPATH_SEARCH_PATHS = "$(inherited) @executable_path/Frameworks @loader_path/Frameworks";
				PRODUCT_BUNDLE_IDENTIFIER = com.omerkocbil.WeatherAppTests;
				PRODUCT_NAME = "$(TARGET_NAME)";
				SWIFT_VERSION = 3.0;
				TEST_HOST = "$(BUILT_PRODUCTS_DIR)/WeatherApp.app/WeatherApp";
			};
			name = Release;
		};
		3D2936B21DCE7CF900364E92 /* Debug */ = {
			isa = XCBuildConfiguration;
			buildSettings = {
				ALWAYS_EMBED_SWIFT_STANDARD_LIBRARIES = YES;
				DEVELOPMENT_TEAM = 6G8JJUYJ6G;
				INFOPLIST_FILE = WeatherAppUITests/Info.plist;
				LD_RUNPATH_SEARCH_PATHS = "$(inherited) @executable_path/Frameworks @loader_path/Frameworks";
				PRODUCT_BUNDLE_IDENTIFIER = com.omerkocbil.WeatherAppUITests;
				PRODUCT_NAME = "$(TARGET_NAME)";
				SWIFT_VERSION = 3.0;
				TEST_TARGET_NAME = WeatherApp;
			};
			name = Debug;
		};
		3D2936B31DCE7CF900364E92 /* Release */ = {
			isa = XCBuildConfiguration;
			buildSettings = {
				ALWAYS_EMBED_SWIFT_STANDARD_LIBRARIES = YES;
				DEVELOPMENT_TEAM = 6G8JJUYJ6G;
				INFOPLIST_FILE = WeatherAppUITests/Info.plist;
				LD_RUNPATH_SEARCH_PATHS = "$(inherited) @executable_path/Frameworks @loader_path/Frameworks";
				PRODUCT_BUNDLE_IDENTIFIER = com.omerkocbil.WeatherAppUITests;
				PRODUCT_NAME = "$(TARGET_NAME)";
				SWIFT_VERSION = 3.0;
				TEST_TARGET_NAME = WeatherApp;
			};
			name = Release;
		};
/* End XCBuildConfiguration section */

/* Begin XCConfigurationList section */
		3D29367B1DCE7CF800364E92 /* Build configuration list for PBXProject "WeatherApp" */ = {
			isa = XCConfigurationList;
			buildConfigurations = (
				3D2936A91DCE7CF900364E92 /* Debug */,
				3D2936AA1DCE7CF900364E92 /* Release */,
			);
			defaultConfigurationIsVisible = 0;
			defaultConfigurationName = Release;
		};
		3D2936AB1DCE7CF900364E92 /* Build configuration list for PBXNativeTarget "WeatherApp" */ = {
			isa = XCConfigurationList;
			buildConfigurations = (
				3D2936AC1DCE7CF900364E92 /* Debug */,
				3D2936AD1DCE7CF900364E92 /* Release */,
			);
			defaultConfigurationIsVisible = 0;
			defaultConfigurationName = Release;
		};
		3D2936AE1DCE7CF900364E92 /* Build configuration list for PBXNativeTarget "WeatherAppTests" */ = {
			isa = XCConfigurationList;
			buildConfigurations = (
				3D2936AF1DCE7CF900364E92 /* Debug */,
				3D2936B01DCE7CF900364E92 /* Release */,
			);
			defaultConfigurationIsVisible = 0;
			defaultConfigurationName = Release;
		};
		3D2936B11DCE7CF900364E92 /* Build configuration list for PBXNativeTarget "WeatherAppUITests" */ = {
			isa = XCConfigurationList;
			buildConfigurations = (
				3D2936B21DCE7CF900364E92 /* Debug */,
				3D2936B31DCE7CF900364E92 /* Release */,
			);
			defaultConfigurationIsVisible = 0;
			defaultConfigurationName = Release;
		};
/* End XCConfigurationList section */

/* Begin XCVersionGroup section */
		3D29368A1DCE7CF800364E92 /* WeatherApp.xcdatamodeld */ = {
			isa = XCVersionGroup;
			children = (
				3D29368B1DCE7CF800364E92 /* WeatherApp.xcdatamodel */,
			);
			currentVersion = 3D29368B1DCE7CF800364E92 /* WeatherApp.xcdatamodel */;
			path = WeatherApp.xcdatamodeld;
			sourceTree = "<group>";
			versionGroupType = wrapper.xcdatamodel;
		};
/* End XCVersionGroup section */
	};
	rootObject = 3D2936781DCE7CF800364E92 /* Project object */;
}
